{
  "pins" : [
    {
      "identity" : "collectionconcurrencykit",
      "kind" : "remoteSourceControl",
      "location" : "https://github.com/JohnSundell/CollectionConcurrencyKit.git",
      "state" : {
        "revision" : "b4f23e24b5a1bff301efc5e70871083ca029ff95",
        "version" : "0.2.0"
      }
    },
    {
      "identity" : "opencombine",
      "kind" : "remoteSourceControl",
      "location" : "https://github.com/OpenCombine/OpenCombine.git",
      "state" : {
        "revision" : "8576f0d579b27020beccbccc3ea6844f3ddfc2c2",
        "version" : "0.14.0"
      }
    },
    {
      "identity" : "regularexpressions",
      "kind" : "remoteSourceControl",
      "location" : "https://github.com/Peter-Schorn/RegularExpressions.git",
      "state" : {
        "revision" : "b27140d0bd3a9a1e61f2324f644219be98eb3311",
        "version" : "2.2.0"
      }
    },
    {
      "identity" : "spotifyapi",
      "kind" : "remoteSourceControl",
      "location" : "https://github.com/Peter-Schorn/SpotifyAPI.git",
      "state" : {
        "revision" : "74c3e42ebd983ecf3ceaef65786c72f971495003",
        "version" : "2.2.4"
      }
    },
    {
      "identity" : "swift-crypto",
      "kind" : "remoteSourceControl",
      "location" : "https://github.com/apple/swift-crypto.git",
      "state" : {
        "revision" : "ddb07e896a2a8af79512543b1c7eb9797f8898a5",
        "version" : "1.1.7"
      }
    },
    {
      "identity" : "swift-log",
      "kind" : "remoteSourceControl",
      "location" : "https://github.com/apple/swift-log.git",
      "state" : {
        "revision" : "532d8b529501fb73a2455b179e0bbb6d49b652ed",
        "version" : "1.5.3"
      }
    },
    {
      "identity" : "swiftsoup",
      "kind" : "remoteSourceControl",
      "location" : "https://github.com/scinfu/SwiftSoup.git",
      "state" : {
        "revision" : "8b6cf29eead8841a1fa7822481cb3af4ddaadba6",
        "version" : "2.6.1"
      }
    }
  ],
  "version" : 2
}
